Microsoft Visual Studio Solution File, Format Version 11.00
# Visual Studio 2008

Project("{9B8D7AE9-F62A-9E1E-89C3-A95D27859A17}") = "rahemtulla_game4 ", "Assembly-CSharp-firstpass-vs.csproj", "{E7C70670-525F-5365-E05F-103F10061C33}"
EndProject
Project("{9B8D7AE9-F62A-9E1E-89C3-A95D27859A17}") = "rahemtulla_game4 ", "Assembly-CSharp-vs.csproj", "{B4EE07FD-FDA4-E050-599D-FCF28D872784}"
EndProject
Project("{9B8D7AE9-F62A-9E1E-89C3-A95D27859A17}") = "rahemtulla_game4 ", "Assembly-CSharp-Editor-firstpass-vs.csproj", "{22C799B7-A9A4-7231-71D8-F5118DFC413A}"
EndProject
Project("{9B8D7AE9-F62A-9E1E-89C3-A95D27859A17}") = "rahemtulla_game4 ", "Assembly-CSharp-Editor-vs.csproj", "{87D06083-FC31-D245-72EC-C529D932628B}"
EndProject
Global
	GlobalSection(SolutionConfigurationPlatforms) = preSolution
		Debug|Any CPU = Debug|Any CPU
		Release|Any CPU = Release|Any CPU
	EndGlobalSection
	GlobalSection(ProjectConfigurationPlatforms) = postSolution
		{E7C70670-525F-5365-E05F-103F10061C33}.Debug|Any CPU.ActiveCfg = Debug|Any CPU
		{E7C70670-525F-5365-E05F-103F10061C33}.Debug|Any CPU.Build.0 = Debug|Any CPU
		{E7C70670-525F-5365-E05F-103F10061C33}.Release|Any CPU.ActiveCfg = Release|Any CPU
		{E7C70670-525F-5365-E05F-103F10061C33}.Release|Any CPU.Build.0 = Release|Any CPU
		{B4EE07FD-FDA4-E050-599D-FCF28D872784}.Debug|Any CPU.ActiveCfg = Debug|Any CPU
		{B4EE07FD-FDA4-E050-599D-FCF28D872784}.Debug|Any CPU.Build.0 = Debug|Any CPU
		{B4EE07FD-FDA4-E050-599D-FCF28D872784}.Release|Any CPU.ActiveCfg = Release|Any CPU
		{B4EE07FD-FDA4-E050-599D-FCF28D872784}.Release|Any CPU.Build.0 = Release|Any CPU
		{22C799B7-A9A4-7231-71D8-F5118DFC413A}.Debug|Any CPU.ActiveCfg = Debug|Any CPU
		{22C799B7-A9A4-7231-71D8-F5118DFC413A}.Debug|Any CPU.Build.0 = Debug|Any CPU
		{22C799B7-A9A4-7231-71D8-F5118DFC413A}.Release|Any CPU.ActiveCfg = Release|Any CPU
		{22C799B7-A9A4-7231-71D8-F5118DFC413A}.Release|Any CPU.Build.0 = Release|Any CPU
		{87D06083-FC31-D245-72EC-C529D932628B}.Debug|Any CPU.ActiveCfg = Debug|Any CPU
		{87D06083-FC31-D245-72EC-C529D932628B}.Debug|Any CPU.Build.0 = Debug|Any CPU
		{87D06083-FC31-D245-72EC-C529D932628B}.Release|Any CPU.ActiveCfg = Release|Any CPU
		{87D06083-FC31-D245-72EC-C529D932628B}.Release|Any CPU.Build.0 = Release|Any CPU
	EndGlobalSection
	GlobalSection(SolutionProperties) = preSolution
		HideSolutionNode = FALSE
	EndGlobalSection
			GlobalSection(MonoDevelopProperties) = preSolution
		StartupItem = Assembly-CSharp.csproj
		Policies = $0
		$0.TextStylePolicy = $1
		$1.inheritsSet = null
		$1.scope = text/x-csharp
		$0.CSharpFormattingPolicy = $2
		$2.inheritsSet = Mono
		$2.inheritsScope = text/x-csharp
		$2.scope = text/x-csharp
		$0.TextStylePolicy = $3
		$3.FileWidth = 120
		$3.TabWidth = 4
		$3.IndentWidth = 4
		$3.EolMarker = Unix
		$3.inheritsSet = Mono
		$3.inheritsScope = text/plain
		$3.scope = text/plain
	EndGlobalSection

EndGlobal
