Microsoft Visual Studio Solution File, Format Version 11.00
# Visual Studio 2008

Project("{E87B8542-5037-E2C8-5945-F91CB3872276}") = "rahemtulla_game4", "Assembly-CSharp-firstpass.csproj", "{C859FB5F-C15C-C544-31AE-ED877B57F849}"
EndProject
Project("{E87B8542-5037-E2C8-5945-F91CB3872276}") = "rahemtulla_game4", "Assembly-CSharp.csproj", "{2E1A56C4-0782-E82D-6FFF-7EABD3FA87E3}"
EndProject
Project("{E87B8542-5037-E2C8-5945-F91CB3872276}") = "rahemtulla_game4", "Assembly-CSharp-Editor-firstpass.csproj", "{2A6E69B7-624C-0DE7-9B5D-794854CC90FC}"
EndProject
Project("{E87B8542-5037-E2C8-5945-F91CB3872276}") = "rahemtulla_game4", "Assembly-CSharp-Editor.csproj", "{3C040EE2-D366-3101-7D1A-8DFE0ADABFD8}"
EndProject
Global
	GlobalSection(SolutionConfigurationPlatforms) = preSolution
		Debug|Any CPU = Debug|Any CPU
		Release|Any CPU = Release|Any CPU
	EndGlobalSection
	GlobalSection(ProjectConfigurationPlatforms) = postSolution
		{C859FB5F-C15C-C544-31AE-ED877B57F849}.Debug|Any CPU.ActiveCfg = Debug|Any CPU
		{C859FB5F-C15C-C544-31AE-ED877B57F849}.Debug|Any CPU.Build.0 = Debug|Any CPU
		{C859FB5F-C15C-C544-31AE-ED877B57F849}.Release|Any CPU.ActiveCfg = Release|Any CPU
		{C859FB5F-C15C-C544-31AE-ED877B57F849}.Release|Any CPU.Build.0 = Release|Any CPU
		{2E1A56C4-0782-E82D-6FFF-7EABD3FA87E3}.Debug|Any CPU.ActiveCfg = Debug|Any CPU
		{2E1A56C4-0782-E82D-6FFF-7EABD3FA87E3}.Debug|Any CPU.Build.0 = Debug|Any CPU
		{2E1A56C4-0782-E82D-6FFF-7EABD3FA87E3}.Release|Any CPU.ActiveCfg = Release|Any CPU
		{2E1A56C4-0782-E82D-6FFF-7EABD3FA87E3}.Release|Any CPU.Build.0 = Release|Any CPU
		{2A6E69B7-624C-0DE7-9B5D-794854CC90FC}.Debug|Any CPU.ActiveCfg = Debug|Any CPU
		{2A6E69B7-624C-0DE7-9B5D-794854CC90FC}.Debug|Any CPU.Build.0 = Debug|Any CPU
		{2A6E69B7-624C-0DE7-9B5D-794854CC90FC}.Release|Any CPU.ActiveCfg = Release|Any CPU
		{2A6E69B7-624C-0DE7-9B5D-794854CC90FC}.Release|Any CPU.Build.0 = Release|Any CPU
		{3C040EE2-D366-3101-7D1A-8DFE0ADABFD8}.Debug|Any CPU.ActiveCfg = Debug|Any CPU
		{3C040EE2-D366-3101-7D1A-8DFE0ADABFD8}.Debug|Any CPU.Build.0 = Debug|Any CPU
		{3C040EE2-D366-3101-7D1A-8DFE0ADABFD8}.Release|Any CPU.ActiveCfg = Release|Any CPU
		{3C040EE2-D366-3101-7D1A-8DFE0ADABFD8}.Release|Any CPU.Build.0 = Release|Any CPU
	EndGlobalSection
	GlobalSection(SolutionProperties) = preSolution
		HideSolutionNode = FALSE
	EndGlobalSection
																																									GlobalSection(MonoDevelopProperties) = preSolution
		StartupItem = Assembly-CSharp.csproj
		Policies = $0
		$0.TextStylePolicy = $1
		$1.inheritsSet = null
		$1.scope = text/x-csharp
		$0.CSharpFormattingPolicy = $2
		$2.inheritsSet = Mono
		$2.inheritsScope = text/x-csharp
		$2.scope = text/x-csharp
		$0.TextStylePolicy = $3
		$3.FileWidth = 120
		$3.TabWidth = 4
		$3.IndentWidth = 4
		$3.EolMarker = Unix
		$3.inheritsSet = Mono
		$3.inheritsScope = text/plain
		$3.scope = text/plain
	EndGlobalSection

EndGlobal
